// !$*UTF8*$!
{
	archiveVersion = 1;
	classes = {
	};
	objectVersion = 46;
	objects = {

/* Begin PBXBuildFile section */
		C166AFF91E0B1F2900C5A224 /* LoginViewController.swift in Sources */ = {isa = PBXBuildFile; fileRef = C166AFF81E0B1F2900C5A224 /* LoginViewController.swift */; };
		C1EE19D51E087412004C494D /* AppDelegate.swift in Sources */ = {isa = PBXBuildFile; fileRef = C1EE19D41E087412004C494D /* AppDelegate.swift */; };
		C1EE19D71E087412004C494D /* ViewController.swift in Sources */ = {isa = PBXBuildFile; fileRef = C1EE19D61E087412004C494D /* ViewController.swift */; };
		C1EE19DA1E087412004C494D /* Main.storyboard in Resources */ = {isa = PBXBuildFile; fileRef = C1EE19D81E087412004C494D /* Main.storyboard */; };
		C1EE19DC1E087412004C494D /* Assets.xcassets in Resources */ = {isa = PBXBuildFile; fileRef = C1EE19DB1E087412004C494D /* Assets.xcassets */; };
		C1EE19DF1E087412004C494D /* LaunchScreen.storyboard in Resources */ = {isa = PBXBuildFile; fileRef = C1EE19DD1E087412004C494D /* LaunchScreen.storyboard */; };
/* End PBXBuildFile section */

/* Begin PBXFileReference section */
		C166AFF81E0B1F2900C5A224 /* LoginViewController.swift */ = {isa = PBXFileReference; fileEncoding = 4; lastKnownFileType = sourcecode.swift; path = LoginViewController.swift; sourceTree = "<group>"; };
		C1EE19D11E087412004C494D /* BatLogin.app */ = {isa = PBXFileReference; explicitFileType = wrapper.application; includeInIndex = 0; path = BatLogin.app; sourceTree = BUILT_PRODUCTS_DIR; };
		C1EE19D41E087412004C494D /* AppDelegate.swift */ = {isa = PBXFileReference; lastKnownFileType = sourcecode.swift; path = AppDelegate.swift; sourceTree = "<group>"; };
		C1EE19D61E087412004C494D /* ViewController.swift */ = {isa = PBXFileReference; lastKnownFileType = sourcecode.swift; path = ViewController.swift; sourceTree = "<group>"; };
		C1EE19D91E087412004C494D /* Base */ = {isa = PBXFileReference; lastKnownFileType = file.storyboard; name = Base; path = Base.lproj/Main.storyboard; sourceTree = "<group>"; };
		C1EE19DB1E087412004C494D /* Assets.xcassets */ = {isa = PBXFileReference; lastKnownFileType = folder.assetcatalog; path = Assets.xcassets; sourceTree = "<group>"; };
		C1EE19DE1E087412004C494D /* Base */ = {isa = PBXFileReference; lastKnownFileType = file.storyboard; name = Base; path = Base.lproj/LaunchScreen.storyboard; sourceTree = "<group>"; };
		C1EE19E01E087412004C494D /* Info.plist */ = {isa = PBXFileReference; lastKnownFileType = text.plist.xml; path = Info.plist; sourceTree = "<group>"; };
/* End PBXFileReference section */

/* Begin PBXFrameworksBuildPhase section */
		C1EE19CE1E087412004C494D /* Frameworks */ = {
			isa = PBXFrameworksBuildPhase;
			buildActionMask = 2147483647;
			files = (
			);
			runOnlyForDeploymentPostprocessing = 0;
		};
/* End PBXFrameworksBuildPhase section */

/* Begin PBXGroup section */
		C1EE19C81E087412004C494D = {
			isa = PBXGroup;
			children = (
				C1EE19D31E087412004C494D /* BatLogin */,
				C1EE19D21E087412004C494D /* Products */,
			);
			sourceTree = "<group>";
		};
		C1EE19D21E087412004C494D /* Products */ = {
			isa = PBXGroup;
			children = (
				C1EE19D11E087412004C494D /* BatLogin.app */,
			);
			name = Products;
			sourceTree = "<group>";
		};
		C1EE19D31E087412004C494D /* BatLogin */ = {
			isa = PBXGroup;
			children = (
				C1EE19D41E087412004C494D /* AppDelegate.swift */,
				C1EE19D61E087412004C494D /* ViewController.swift */,
				C1EE19D81E087412004C494D /* Main.storyboard */,
				C1EE19DB1E087412004C494D /* Assets.xcassets */,
				C1EE19DD1E087412004C494D /* LaunchScreen.storyboard */,
				C1EE19E01E087412004C494D /* Info.plist */,
				C166AFF81E0B1F2900C5A224 /* LoginViewController.swift */,
			);
			path = BatLogin;
			sourceTree = "<group>";
		};
/* End PBXGroup section */

/* Begin PBXNativeTarget section */
		C1EE19D01E087412004C494D /* BatLogin */ = {
			isa = PBXNativeTarget;
			buildConfigurationList = C1EE19E31E087412004C494D /* Build configuration list for PBXNativeTarget "BatLogin" */;
			buildPhases = (
				C1EE19CD1E087412004C494D /* Sources */,
				C1EE19CE1E087412004C494D /* Frameworks */,
				C1EE19CF1E087412004C494D /* Resources */,
			);
			buildRules = (
			);
			dependencies = (
			);
			name = BatLogin;
			productName = BatLogin;
			productReference = C1EE19D11E087412004C494D /* BatLogin.app */;
			productType = "com.apple.product-type.application";
		};
/* End PBXNativeTarget section */

/* Begin PBXProject section */
		C1EE19C91E087412004C494D /* Project object */ = {
			isa = PBXProject;
			attributes = {
				LastSwiftUpdateCheck = 0820;
				LastUpgradeCheck = 0820;
				ORGANIZATIONNAME = "Benjamín Garrido Barreiro";
				TargetAttributes = {
					C1EE19D01E087412004C494D = {
						CreatedOnToolsVersion = 8.2;
						DevelopmentTeam = 9T98R8E6Y6;
						ProvisioningStyle = Automatic;
					};
				};
			};
			buildConfigurationList = C1EE19CC1E087412004C494D /* Build configuration list for PBXProject "BatLogin" */;
			compatibilityVersion = "Xcode 3.2";
			developmentRegion = English;
			hasScannedForEncodings = 0;
			knownRegions = (
				en,
				Base,
			);
			mainGroup = C1EE19C81E087412004C494D;
			productRefGroup = C1EE19D21E087412004C494D /* Products */;
			projectDirPath = "";
			projectRoot = "";
			targets = (
				C1EE19D01E087412004C494D /* BatLogin */,
			);
		};
/* End PBXProject section */

/* Begin PBXResourcesBuildPhase section */
		C1EE19CF1E087412004C494D /* Resources */ = {
			isa = PBXResourcesBuildPhase;
			buildActionMask = 2147483647;
			files = (
				C1EE19DF1E087412004C494D /* LaunchScreen.storyboard in Resources */,
				C1EE19DC1E087412004C494D /* Assets.xcassets in Resources */,
				C1EE19DA1E087412004C494D /* Main.storyboard in Resources */,
			);
			runOnlyForDeploymentPostprocessing = 0;
		};
/* End PBXResourcesBuildPhase section */

/* Begin PBXSourcesBuildPhase section */
		C1EE19CD1E087412004C494D /* Sources */ = {
			isa = PBXSourcesBuildPhase;
			buildActionMask = 2147483647;
			files = (
				C166AFF91E0B1F2900C5A224 /* LoginViewController.swift in Sources */,
				C1EE19D71E087412004C494D /* ViewController.swift in Sources */,
				C1EE19D51E087412004C494D /* AppDelegate.swift in Sources */,
			);
			runOnlyForDeploymentPostprocessing = 0;
		};
/* End PBXSourcesBuildPhase section */

/* Begin PBXVariantGroup section */
		C1EE19D81E087412004C494D /* Main.storyboard */ = {
			isa = PBXVariantGroup;
			children = (
				C1EE19D91E087412004C494D /* Base */,
			);
			name = Main.storyboard;
			sourceTree = "<group>";
		};
		C1EE19DD1E087412004C494D /* LaunchScreen.storyboard */ = {
			isa = PBXVariantGroup;
			children = (
				C1EE19DE1E087412004C494D /* Base */,
			);
			name = LaunchScreen.storyboard;
			sourceTree = "<group>";
		};
/* End PBXVariantGroup section */

/* Begin XCBuildConfiguration section */
		C1EE19E11E087412004C494D /* Debug */ = {
			isa = XCBuildConfiguration;
			buildSettings = {
				ALWAYS_SEARCH_USER_PATHS = NO;
				CLANG_ANALYZER_NONNULL = YES;
				CLANG_CXX_LANGUAGE_STANDARD = "gnu++0x";
				CLANG_CXX_LIBRARY = "libc++";
				CLANG_ENABLE_MODULES = YES;
				CLANG_ENABLE_OBJC_ARC = YES;
				CLANG_WARN_BOOL_CONVERSION = YES;
				CLANG_WARN_CONSTANT_CONVERSION = YES;
				CLANG_WARN_DIRECT_OBJC_ISA_USAGE = YES_ERROR;
				CLANG_WARN_DOCUMENTATION_COMMENTS = YES;
				CLANG_WARN_EMPTY_BODY = YES;
				CLANG_WARN_ENUM_CONVERSION = YES;
				CLANG_WARN_INFINITE_RECURSION = YES;
				CLANG_WARN_INT_CONVERSION = YES;
				CLANG_WARN_OBJC_ROOT_CLASS = YES_ERROR;
				CLANG_WARN_SUSPICIOUS_MOVE = YES;
				CLANG_WARN_UNREACHABLE_CODE = YES;
				CLANG_WARN__DUPLICATE_METHOD_MATCH = YES;
				"CODE_SIGN_IDENTITY[sdk=iphoneos*]" = "iPhone Developer";
				COPY_PHASE_STRIP = NO;
				DEBUG_INFORMATION_FORMAT = dwarf;
				ENABLE_STRICT_OBJC_MSGSEND = YES;
				ENABLE_TESTABILITY = YES;
				GCC_C_LANGUAGE_STANDARD = gnu99;
				GCC_DYNAMIC_NO_PIC = NO;
				GCC_NO_COMMON_BLOCKS = YES;
				GCC_OPTIMIZATION_LEVEL = 0;
				GCC_PREPROCESSOR_DEFINITIONS = (
					"DEBUG=1",
					"$(inherited)",
				);
				GCC_WARN_64_TO_32_BIT_CONVERSION = YES;
				GCC_WARN_ABOUT_RETURN_TYPE = YES_ERROR;
				GCC_WARN_UNDECLARED_SELECTOR = YES;
				GCC_WARN_UNINITIALIZED_AUTOS = YES_AGGRESSIVE;
				GCC_WARN_UNUSED_FUNCTION = YES;
				GCC_WARN_UNUSED_VARIABLE = YES;
				IPHONEOS_DEPLOYMENT_TARGET = 10.2;
				MTL_ENABLE_DEBUG_INFO = YES;
				ONLY_ACTIVE_ARCH = YES;
				SDKROOT = iphoneos;
				SWIFT_ACTIVE_COMPILATION_CONDITIONS = DEBUG;
				SWIFT_OPTIMIZATION_LEVEL = "-Onone";
			};
			name = Debug;
		};
		C1EE19E21E087412004C494D /* Release */ = {
			isa = XCBuildConfiguration;
			buildSettings = {
				ALWAYS_SEARCH_USER_PATHS = NO;
				CLANG_ANALYZER_NONNULL = YES;
				CLANG_CXX_LANGUAGE_STANDARD = "gnu++0x";
				CLANG_CXX_LIBRARY = "libc++";
				CLANG_ENABLE_MODULES = YES;
				CLANG_ENABLE_OBJC_ARC = YES;
				CLANG_WARN_BOOL_CONVERSION = YES;
				CLANG_WARN_CONSTANT_CONVERSION = YES;
				CLANG_WARN_DIRECT_OBJC_ISA_USAGE = YES_ERROR;
				CLANG_WARN_DOCUMENTATION_COMMENTS = YES;
				CLANG_WARN_EMPTY_BODY = YES;
				CLANG_WARN_ENUM_CONVERSION = YES;
				CLANG_WARN_INFINITE_RECURSION = YES;
				CLANG_WARN_INT_CONVERSION = YES;
				CLANG_WARN_OBJC_ROOT_CLASS = YES_ERROR;
				CLANG_WARN_SUSPICIOUS_MOVE = YES;
				CLANG_WARN_UNREACHABLE_CODE = YES;
				CLANG_WARN__DUPLICATE_METHOD_MATCH = YES;
				"CODE_SIGN_IDENTITY[sdk=iphoneos*]" = "iPhone Developer";
				COPY_PHASE_STRIP = NO;
				DEBUG_INFORMATION_FORMAT = "dwarf-with-dsym";
				ENABLE_NS_ASSERTIONS = NO;
				ENABLE_STRICT_OBJC_MSGSEND = YES;
				GCC_C_LANGUAGE_STANDARD = gnu99;
				GCC_NO_COMMON_BLOCKS = YES;
				GCC_WARN_64_TO_32_BIT_CONVERSION = YES;
				GCC_WARN_ABOUT_RETURN_TYPE = YES_ERROR;
				GCC_WARN_UNDECLARED_SELECTOR = YES;
				GCC_WARN_UNINITIALIZED_AUTOS = YES_AGGRESSIVE;
				GCC_WARN_UNUSED_FUNCTION = YES;
				GCC_WARN_UNUSED_VARIABLE = YES;
				IPHONEOS_DEPLOYMENT_TARGET = 10.2;
				MTL_ENABLE_DEBUG_INFO = NO;
				SDKROOT = iphoneos;
				SWIFT_OPTIMIZATION_LEVEL = "-Owholemodule";
				VALIDATE_PRODUCT = YES;
			};
			name = Release;
		};
		C1EE19E41E087412004C494D /* Debug */ = {
			isa = XCBuildConfiguration;
			buildSettings = {
				ASSETCATALOG_COMPILER_APPICON_NAME = AppIcon;
				DEVELOPMENT_TEAM = 9T98R8E6Y6;
				INFOPLIST_FILE = BatLogin/Info.plist;
				LD_RUNPATH_SEARCH_PATHS = "$(inherited) @executable_path/Frameworks";
				PRODUCT_BUNDLE_IDENTIFIER = com.benjagarrido.BatLogin;
				PRODUCT_NAME = "$(TARGET_NAME)";
				SWIFT_VERSION = 3.0;
			};
			name = Debug;
		};
		C1EE19E51E087412004C494D /* Release */ = {
			isa = XCBuildConfiguration;
			buildSettings = {
				ASSETCATALOG_COMPILER_APPICON_NAME = AppIcon;
				DEVELOPMENT_TEAM = 9T98R8E6Y6;
				INFOPLIST_FILE = BatLogin/Info.plist;
				LD_RUNPATH_SEARCH_PATHS = "$(inherited) @executable_path/Frameworks";
				PRODUCT_BUNDLE_IDENTIFIER = com.benjagarrido.BatLogin;
				PRODUCT_NAME = "$(TARGET_NAME)";
				SWIFT_VERSION = 3.0;
			};
			name = Release;
		};
/* End XCBuildConfiguration section */

/* Begin XCConfigurationList section */
		C1EE19CC1E087412004C494D /* Build configuration list for PBXProject "BatLogin" */ = {
			isa = XCConfigurationList;
			buildConfigurations = (
				C1EE19E11E087412004C494D /* Debug */,
				C1EE19E21E087412004C494D /* Release */,
			);
			defaultConfigurationIsVisible = 0;
			defaultConfigurationName = Release;
		};
		C1EE19E31E087412004C494D /* Build configuration list for PBXNativeTarget "BatLogin" */ = {
			isa = XCConfigurationList;
			buildConfigurations = (
				C1EE19E41E087412004C494D /* Debug */,
				C1EE19E51E087412004C494D /* Release */,
			);
			defaultConfigurationIsVisible = 0;
			defaultConfigurationName = Release;
		};
/* End XCConfigurationList section */
	};
	rootObject = C1EE19C91E087412004C494D /* Project object */;
}
